
Microsoft Visual Studio Solution File, Format Version 12.00
# Visual Studio Version 16
VisualStudioVersion = 16.0.30011.22
MinimumVisualStudioVersion = 10.0.40219.1
Project("{FAE04EC0-301F-11D3-BF4B-00C04F79EFBC}") = "Fetcher", "Fetcher\Fetcher.csproj", "{073702A0-C438-4AA8-BACF-ED547A620A8D}"
EndProject
Global
	GlobalSection(SolutionConfigurationPlatforms) = preSolution
		Debug|Any CPU = Debug|Any CPU
		Release|Any CPU = Release|Any CPU
	EndGlobalSection
	GlobalSection(ProjectConfigurationPlatforms) = postSolution
		{073702A0-C438-4AA8-BACF-ED547A620A8D}.Debug|Any CPU.ActiveCfg = Debug|Any CPU
		{073702A0-C438-4AA8-BACF-ED547A620A8D}.Debug|Any CPU.Build.0 = Debug|Any CPU
		{073702A0-C438-4AA8-BACF-ED547A620A8D}.Release|Any CPU.ActiveCfg = Release|Any CPU
		{073702A0-C438-4AA8-BACF-ED547A620A8D}.Release|Any CPU.Build.0 = Release|Any CPU
	EndGlobalSection
	GlobalSection(SolutionProperties) = preSolution
		HideSolutionNode = FALSE
	EndGlobalSection
	GlobalSection(ExtensibilityGlobals) = postSolution
		SolutionGuid = {500E4C79-EB28-480C-B8DA-EF6407054AA0}
	EndGlobalSection
EndGlobal
